// !$*UTF8*$!
{
	archiveVersion = 1;
	classes = {
	};
	objectVersion = 50;
	objects = {

/* Begin PBXBuildFile section */
		1258638856BEBFEA607F2E85 /* Pods_chatOnline.framework in Frameworks */ = {isa = PBXBuildFile; fileRef = 59AC714F527B745E6339A612 /* Pods_chatOnline.framework */; };
		D6410E28251106EB00139887 /* AppDelegate.swift in Sources */ = {isa = PBXBuildFile; fileRef = D6410E27251106EB00139887 /* AppDelegate.swift */; };
		D6410E2A251106EB00139887 /* SceneDelegate.swift in Sources */ = {isa = PBXBuildFile; fileRef = D6410E29251106EB00139887 /* SceneDelegate.swift */; };
		D6410E2C251106EB00139887 /* ViewController.swift in Sources */ = {isa = PBXBuildFile; fileRef = D6410E2B251106EB00139887 /* ViewController.swift */; };
		D6410E2F251106EB00139887 /* Main.storyboard in Resources */ = {isa = PBXBuildFile; fileRef = D6410E2D251106EB00139887 /* Main.storyboard */; };
		D6410E31251106EE00139887 /* Assets.xcassets in Resources */ = {isa = PBXBuildFile; fileRef = D6410E30251106EE00139887 /* Assets.xcassets */; };
		D6410E34251106EE00139887 /* LaunchScreen.storyboard in Resources */ = {isa = PBXBuildFile; fileRef = D6410E32251106EE00139887 /* LaunchScreen.storyboard */; };
		D6410E3C2511090A00139887 /* GoogleService-Info.plist in Resources */ = {isa = PBXBuildFile; fileRef = D6410E3B2511090A00139887 /* GoogleService-Info.plist */; };
/* End PBXBuildFile section */

/* Begin PBXFileReference section */
		0E75B1147014AD85B269479B /* Pods-chatOnline.release.xcconfig */ = {isa = PBXFileReference; includeInIndex = 1; lastKnownFileType = text.xcconfig; name = "Pods-chatOnline.release.xcconfig"; path = "Target Support Files/Pods-chatOnline/Pods-chatOnline.release.xcconfig"; sourceTree = "<group>"; };
		59AC714F527B745E6339A612 /* Pods_chatOnline.framework */ = {isa = PBXFileReference; explicitFileType = wrapper.framework; includeInIndex = 0; path = Pods_chatOnline.framework; sourceTree = BUILT_PRODUCTS_DIR; };
		CB2671FCF97244758CC06ADB /* Pods-chatOnline.debug.xcconfig */ = {isa = PBXFileReference; includeInIndex = 1; lastKnownFileType = text.xcconfig; name = "Pods-chatOnline.debug.xcconfig"; path = "Target Support Files/Pods-chatOnline/Pods-chatOnline.debug.xcconfig"; sourceTree = "<group>"; };
		D6410E24251106EB00139887 /* chatOnline.app */ = {isa = PBXFileReference; explicitFileType = wrapper.application; includeInIndex = 0; path = chatOnline.app; sourceTree = BUILT_PRODUCTS_DIR; };
		D6410E27251106EB00139887 /* AppDelegate.swift */ = {isa = PBXFileReference; lastKnownFileType = sourcecode.swift; path = AppDelegate.swift; sourceTree = "<group>"; };
		D6410E29251106EB00139887 /* SceneDelegate.swift */ = {isa = PBXFileReference; lastKnownFileType = sourcecode.swift; path = SceneDelegate.swift; sourceTree = "<group>"; };
		D6410E2B251106EB00139887 /* ViewController.swift */ = {isa = PBXFileReference; lastKnownFileType = sourcecode.swift; path = ViewController.swift; sourceTree = "<group>"; };
		D6410E2E251106EB00139887 /* Base */ = {isa = PBXFileReference; lastKnownFileType = file.storyboard; name = Base; path = Base.lproj/Main.storyboard; sourceTree = "<group>"; };
		D6410E30251106EE00139887 /* Assets.xcassets */ = {isa = PBXFileReference; lastKnownFileType = folder.assetcatalog; path = Assets.xcassets; sourceTree = "<group>"; };
		D6410E33251106EE00139887 /* Base */ = {isa = PBXFileReference; lastKnownFileType = file.storyboard; name = Base; path = Base.lproj/LaunchScreen.storyboard; sourceTree = "<group>"; };
		D6410E35251106EE00139887 /* Info.plist */ = {isa = PBXFileReference; lastKnownFileType = text.plist.xml; path = Info.plist; sourceTree = "<group>"; };
		D6410E3B2511090A00139887 /* GoogleService-Info.plist */ = {isa = PBXFileReference; fileEncoding = 4; lastKnownFileType = text.plist.xml; path = "GoogleService-Info.plist"; sourceTree = "<group>"; };
/* End PBXFileReference section */

/* Begin PBXFrameworksBuildPhase section */
		D6410E21251106EB00139887 /* Frameworks */ = {
			isa = PBXFrameworksBuildPhase;
			buildActionMask = 2147483647;
			files = (
				1258638856BEBFEA607F2E85 /* Pods_chatOnline.framework in Frameworks */,
			);
			runOnlyForDeploymentPostprocessing = 0;
		};
/* End PBXFrameworksBuildPhase section */

/* Begin PBXGroup section */
		647B8ED9F0BDF9A9F2885B4F /* Frameworks */ = {
			isa = PBXGroup;
			children = (
				59AC714F527B745E6339A612 /* Pods_chatOnline.framework */,
			);
			name = Frameworks;
			sourceTree = "<group>";
		};
		8AAB41912D75059EDD95BF4A /* Pods */ = {
			isa = PBXGroup;
			children = (
				CB2671FCF97244758CC06ADB /* Pods-chatOnline.debug.xcconfig */,
				0E75B1147014AD85B269479B /* Pods-chatOnline.release.xcconfig */,
			);
			name = Pods;
			path = Pods;
			sourceTree = "<group>";
		};
		D6410E1B251106EB00139887 = {
			isa = PBXGroup;
			children = (
				D6410E26251106EB00139887 /* chatOnline */,
				D6410E25251106EB00139887 /* Products */,
				8AAB41912D75059EDD95BF4A /* Pods */,
				647B8ED9F0BDF9A9F2885B4F /* Frameworks */,
			);
			sourceTree = "<group>";
		};
		D6410E25251106EB00139887 /* Products */ = {
			isa = PBXGroup;
			children = (
				D6410E24251106EB00139887 /* chatOnline.app */,
			);
			name = Products;
			sourceTree = "<group>";
		};
		D6410E26251106EB00139887 /* chatOnline */ = {
			isa = PBXGroup;
			children = (
				D6410E27251106EB00139887 /* AppDelegate.swift */,
				D6410E29251106EB00139887 /* SceneDelegate.swift */,
				D6410E2B251106EB00139887 /* ViewController.swift */,
				D6410E2D251106EB00139887 /* Main.storyboard */,
				D6410E30251106EE00139887 /* Assets.xcassets */,
				D6410E32251106EE00139887 /* LaunchScreen.storyboard */,
				D6410E3B2511090A00139887 /* GoogleService-Info.plist */,
				D6410E35251106EE00139887 /* Info.plist */,
			);
			path = chatOnline;
			sourceTree = "<group>";
		};
/* End PBXGroup section */

/* Begin PBXNativeTarget section */
		D6410E23251106EB00139887 /* chatOnline */ = {
			isa = PBXNativeTarget;
			buildConfigurationList = D6410E38251106EE00139887 /* Build configuration list for PBXNativeTarget "chatOnline" */;
			buildPhases = (
				21CE6B917B93727EE5BB1562 /* [CP] Check Pods Manifest.lock */,
				D6410E20251106EB00139887 /* Sources */,
				D6410E21251106EB00139887 /* Frameworks */,
				D6410E22251106EB00139887 /* Resources */,
				AEA3441F085E6F9FBB0FD155 /* [CP] Embed Pods Frameworks */,
			);
			buildRules = (
			);
			dependencies = (
			);
			name = chatOnline;
			productName = chatOnline;
			productReference = D6410E24251106EB00139887 /* chatOnline.app */;
			productType = "com.apple.product-type.application";
		};
/* End PBXNativeTarget section */

/* Begin PBXProject section */
		D6410E1C251106EB00139887 /* Project object */ = {
			isa = PBXProject;
			attributes = {
				LastSwiftUpdateCheck = 1160;
				LastUpgradeCheck = 1160;
				ORGANIZATIONNAME = chatOnline;
				TargetAttributes = {
					D6410E23251106EB00139887 = {
						CreatedOnToolsVersion = 11.6;
					};
				};
			};
			buildConfigurationList = D6410E1F251106EB00139887 /* Build configuration list for PBXProject "chatOnline" */;
			compatibilityVersion = "Xcode 9.3";
			developmentRegion = en;
			hasScannedForEncodings = 0;
			knownRegions = (
				en,
				Base,
			);
			mainGroup = D6410E1B251106EB00139887;
			productRefGroup = D6410E25251106EB00139887 /* Products */;
			projectDirPath = "";
			projectRoot = "";
			targets = (
				D6410E23251106EB00139887 /* chatOnline */,
			);
		};
/* End PBXProject section */

/* Begin PBXResourcesBuildPhase section */
		D6410E22251106EB00139887 /* Resources */ = {
			isa = PBXResourcesBuildPhase;
			buildActionMask = 2147483647;
			files = (
				D6410E34251106EE00139887 /* LaunchScreen.storyboard in Resources */,
				D6410E3C2511090A00139887 /* GoogleService-Info.plist in Resources */,
				D6410E31251106EE00139887 /* Assets.xcassets in Resources */,
				D6410E2F251106EB00139887 /* Main.storyboard in Resources */,
			);
			runOnlyForDeploymentPostprocessing = 0;
		};
/* End PBXResourcesBuildPhase section */

/* Begin PBXShellScriptBuildPhase section */
		21CE6B917B93727EE5BB1562 /* [CP] Check Pods Manifest.lock */ = {
			isa = PBXShellScriptBuildPhase;
			buildActionMask = 2147483647;
			files = (
			);
			inputFileListPaths = (
			);
			inputPaths = (
				"${PODS_PODFILE_DIR_PATH}/Podfile.lock",
				"${PODS_ROOT}/Manifest.lock",
			);
			name = "[CP] Check Pods Manifest.lock";
			outputFileListPaths = (
			);
			outputPaths = (
				"$(DERIVED_FILE_DIR)/Pods-chatOnline-checkManifestLockResult.txt",
			);
			runOnlyForDeploymentPostprocessing = 0;
			shellPath = /bin/sh;
			shellScript = "diff \"${PODS_PODFILE_DIR_PATH}/Podfile.lock\" \"${PODS_ROOT}/Manifest.lock\" > /dev/null\nif [ $? != 0 ] ; then\n    # print error to STDERR\n    echo \"error: The sandbox is not in sync with the Podfile.lock. Run 'pod install' or update your CocoaPods installation.\" >&2\n    exit 1\nfi\n# This output is used by Xcode 'outputs' to avoid re-running this script phase.\necho \"SUCCESS\" > \"${SCRIPT_OUTPUT_FILE_0}\"\n";
			showEnvVarsInLog = 0;
		};
		AEA3441F085E6F9FBB0FD155 /* [CP] Embed Pods Frameworks */ = {
			isa = PBXShellScriptBuildPhase;
			buildActionMask = 2147483647;
			files = (
			);
			inputFileListPaths = (
				"${PODS_ROOT}/Target Support Files/Pods-chatOnline/Pods-chatOnline-frameworks-${CONFIGURATION}-input-files.xcfilelist",
			);
			name = "[CP] Embed Pods Frameworks";
			outputFileListPaths = (
				"${PODS_ROOT}/Target Support Files/Pods-chatOnline/Pods-chatOnline-frameworks-${CONFIGURATION}-output-files.xcfilelist",
			);
			runOnlyForDeploymentPostprocessing = 0;
			shellPath = /bin/sh;
			shellScript = "\"${PODS_ROOT}/Target Support Files/Pods-chatOnline/Pods-chatOnline-frameworks.sh\"\n";
			showEnvVarsInLog = 0;
		};
/* End PBXShellScriptBuildPhase section */

/* Begin PBXSourcesBuildPhase section */
		D6410E20251106EB00139887 /* Sources */ = {
			isa = PBXSourcesBuildPhase;
			buildActionMask = 2147483647;
			files = (
				D6410E2C251106EB00139887 /* ViewController.swift in Sources */,
				D6410E28251106EB00139887 /* AppDelegate.swift in Sources */,
				D6410E2A251106EB00139887 /* SceneDelegate.swift in Sources */,
			);
			runOnlyForDeploymentPostprocessing = 0;
		};
/* End PBXSourcesBuildPhase section */

/* Begin PBXVariantGroup section */
		D6410E2D251106EB00139887 /* Main.storyboard */ = {
			isa = PBXVariantGroup;
			children = (
				D6410E2E251106EB00139887 /* Base */,
			);
			name = Main.storyboard;
			sourceTree = "<group>";
		};
		D6410E32251106EE00139887 /* LaunchScreen.storyboard */ = {
			isa = PBXVariantGroup;
			children = (
				D6410E33251106EE00139887 /* Base */,
			);
			name = LaunchScreen.storyboard;
			sourceTree = "<group>";
		};
/* End PBXVariantGroup section */

/* Begin XCBuildConfiguration section */
		D6410E36251106EE00139887 /* Debug */ = {
			isa = XCBuildConfiguration;
			buildSettings = {
				ALWAYS_SEARCH_USER_PATHS = NO;
				CLANG_ANALYZER_NONNULL = YES;
				CLANG_ANALYZER_NUMBER_OBJECT_CONVERSION = YES_AGGRESSIVE;
				CLANG_CXX_LANGUAGE_STANDARD = "gnu++14";
				CLANG_CXX_LIBRARY = "libc++";
				CLANG_ENABLE_MODULES = YES;
				CLANG_ENABLE_OBJC_ARC = YES;
				CLANG_ENABLE_OBJC_WEAK = YES;
				CLANG_WARN_BLOCK_CAPTURE_AUTORELEASING = YES;
				CLANG_WARN_BOOL_CONVERSION = YES;
				CLANG_WARN_COMMA = YES;
				CLANG_WARN_CONSTANT_CONVERSION = YES;
				CLANG_WARN_DEPRECATED_OBJC_IMPLEMENTATIONS = YES;
				CLANG_WARN_DIRECT_OBJC_ISA_USAGE = YES_ERROR;
				CLANG_WARN_DOCUMENTATION_COMMENTS = YES;
				CLANG_WARN_EMPTY_BODY = YES;
				CLANG_WARN_ENUM_CONVERSION = YES;
				CLANG_WARN_INFINITE_RECURSION = YES;
				CLANG_WARN_INT_CONVERSION = YES;
				CLANG_WARN_NON_LITERAL_NULL_CONVERSION = YES;
				CLANG_WARN_OBJC_IMPLICIT_RETAIN_SELF = YES;
				CLANG_WARN_OBJC_LITERAL_CONVERSION = YES;
				CLANG_WARN_OBJC_ROOT_CLASS = YES_ERROR;
				CLANG_WARN_RANGE_LOOP_ANALYSIS = YES;
				CLANG_WARN_STRICT_PROTOTYPES = YES;
				CLANG_WARN_SUSPICIOUS_MOVE = YES;
				CLANG_WARN_UNGUARDED_AVAILABILITY = YES_AGGRESSIVE;
				CLANG_WARN_UNREACHABLE_CODE = YES;
				CLANG_WARN__DUPLICATE_METHOD_MATCH = YES;
				COPY_PHASE_STRIP = NO;
				DEBUG_INFORMATION_FORMAT = dwarf;
				ENABLE_STRICT_OBJC_MSGSEND = YES;
				ENABLE_TESTABILITY = YES;
				GCC_C_LANGUAGE_STANDARD = gnu11;
				GCC_DYNAMIC_NO_PIC = NO;
				GCC_NO_COMMON_BLOCKS = YES;
				GCC_OPTIMIZATION_LEVEL = 0;
				GCC_PREPROCESSOR_DEFINITIONS = (
					"DEBUG=1",
					"$(inherited)",
				);
				GCC_WARN_64_TO_32_BIT_CONVERSION = YES;
				GCC_WARN_ABOUT_RETURN_TYPE = YES_ERROR;
				GCC_WARN_UNDECLARED_SELECTOR = YES;
				GCC_WARN_UNINITIALIZED_AUTOS = YES_AGGRESSIVE;
				GCC_WARN_UNUSED_FUNCTION = YES;
				GCC_WARN_UNUSED_VARIABLE = YES;
				IPHONEOS_DEPLOYMENT_TARGET = 13.6;
				MTL_ENABLE_DEBUG_INFO = INCLUDE_SOURCE;
				MTL_FAST_MATH = YES;
				ONLY_ACTIVE_ARCH = YES;
				SDKROOT = iphoneos;
				SWIFT_ACTIVE_COMPILATION_CONDITIONS = DEBUG;
				SWIFT_OPTIMIZATION_LEVEL = "-Onone";
			};
			name = Debug;
		};
		D6410E37251106EE00139887 /* Release */ = {
			isa = XCBuildConfiguration;
			buildSettings = {
				ALWAYS_SEARCH_USER_PATHS = NO;
				CLANG_ANALYZER_NONNULL = YES;
				CLANG_ANALYZER_NUMBER_OBJECT_CONVERSION = YES_AGGRESSIVE;
				CLANG_CXX_LANGUAGE_STANDARD = "gnu++14";
				CLANG_CXX_LIBRARY = "libc++";
				CLANG_ENABLE_MODULES = YES;
				CLANG_ENABLE_OBJC_ARC = YES;
				CLANG_ENABLE_OBJC_WEAK = YES;
				CLANG_WARN_BLOCK_CAPTURE_AUTORELEASING = YES;
				CLANG_WARN_BOOL_CONVERSION = YES;
				CLANG_WARN_COMMA = YES;
				CLANG_WARN_CONSTANT_CONVERSION = YES;
				CLANG_WARN_DEPRECATED_OBJC_IMPLEMENTATIONS = YES;
				CLANG_WARN_DIRECT_OBJC_ISA_USAGE = YES_ERROR;
				CLANG_WARN_DOCUMENTATION_COMMENTS = YES;
				CLANG_WARN_EMPTY_BODY = YES;
				CLANG_WARN_ENUM_CONVERSION = YES;
				CLANG_WARN_INFINITE_RECURSION = YES;
				CLANG_WARN_INT_CONVERSION = YES;
				CLANG_WARN_NON_LITERAL_NULL_CONVERSION = YES;
				CLANG_WARN_OBJC_IMPLICIT_RETAIN_SELF = YES;
				CLANG_WARN_OBJC_LITERAL_CONVERSION = YES;
				CLANG_WARN_OBJC_ROOT_CLASS = YES_ERROR;
				CLANG_WARN_RANGE_LOOP_ANALYSIS = YES;
				CLANG_WARN_STRICT_PROTOTYPES = YES;
				CLANG_WARN_SUSPICIOUS_MOVE = YES;
				CLANG_WARN_UNGUARDED_AVAILABILITY = YES_AGGRESSIVE;
				CLANG_WARN_UNREACHABLE_CODE = YES;
				CLANG_WARN__DUPLICATE_METHOD_MATCH = YES;
				COPY_PHASE_STRIP = NO;
				DEBUG_INFORMATION_FORMAT = "dwarf-with-dsym";
				ENABLE_NS_ASSERTIONS = NO;
				ENABLE_STRICT_OBJC_MSGSEND = YES;
				GCC_C_LANGUAGE_STANDARD = gnu11;
				GCC_NO_COMMON_BLOCKS = YES;
				GCC_WARN_64_TO_32_BIT_CONVERSION = YES;
				GCC_WARN_ABOUT_RETURN_TYPE = YES_ERROR;
				GCC_WARN_UNDECLARED_SELECTOR = YES;
				GCC_WARN_UNINITIALIZED_AUTOS = YES_AGGRESSIVE;
				GCC_WARN_UNUSED_FUNCTION = YES;
				GCC_WARN_UNUSED_VARIABLE = YES;
				IPHONEOS_DEPLOYMENT_TARGET = 13.6;
				MTL_ENABLE_DEBUG_INFO = NO;
				MTL_FAST_MATH = YES;
				SDKROOT = iphoneos;
				SWIFT_COMPILATION_MODE = wholemodule;
				SWIFT_OPTIMIZATION_LEVEL = "-O";
				VALIDATE_PRODUCT = YES;
			};
			name = Release;
		};
		D6410E39251106EE00139887 /* Debug */ = {
			isa = XCBuildConfiguration;
			baseConfigurationReference = CB2671FCF97244758CC06ADB /* Pods-chatOnline.debug.xcconfig */;
			buildSettings = {
				ASSETCATALOG_COMPILER_APPICON_NAME = AppIcon;
				CODE_SIGN_STYLE = Automatic;
				DEVELOPMENT_TEAM = PV7AN5N733;
				INFOPLIST_FILE = chatOnline/Info.plist;
				LD_RUNPATH_SEARCH_PATHS = (
					"$(inherited)",
					"@executable_path/Frameworks",
				);
				PRODUCT_BUNDLE_IDENTIFIER = net.chat.chatOnline;
				PRODUCT_NAME = "$(TARGET_NAME)";
				SWIFT_VERSION = 5.0;
				TARGETED_DEVICE_FAMILY = 1;
			};
			name = Debug;
		};
		D6410E3A251106EE00139887 /* Release */ = {
			isa = XCBuildConfiguration;
			baseConfigurationReference = 0E75B1147014AD85B269479B /* Pods-chatOnline.release.xcconfig */;
			buildSettings = {
				ASSETCATALOG_COMPILER_APPICON_NAME = AppIcon;
				CODE_SIGN_STYLE = Automatic;
				DEVELOPMENT_TEAM = PV7AN5N733;
				INFOPLIST_FILE = chatOnline/Info.plist;
				LD_RUNPATH_SEARCH_PATHS = (
					"$(inherited)",
					"@executable_path/Frameworks",
				);
				PRODUCT_BUNDLE_IDENTIFIER = net.chat.chatOnline;
				PRODUCT_NAME = "$(TARGET_NAME)";
				SWIFT_VERSION = 5.0;
				TARGETED_DEVICE_FAMILY = 1;
			};
			name = Release;
		};
/* End XCBuildConfiguration section */

/* Begin XCConfigurationList section */
		D6410E1F251106EB00139887 /* Build configuration list for PBXProject "chatOnline" */ = {
			isa = XCConfigurationList;
			buildConfigurations = (
				D6410E36251106EE00139887 /* Debug */,
				D6410E37251106EE00139887 /* Release */,
			);
			defaultConfigurationIsVisible = 0;
			defaultConfigurationName = Release;
		};
		D6410E38251106EE00139887 /* Build configuration list for PBXNativeTarget "chatOnline" */ = {
			isa = XCConfigurationList;
			buildConfigurations = (
				D6410E39251106EE00139887 /* Debug */,
				D6410E3A251106EE00139887 /* Release */,
			);
			defaultConfigurationIsVisible = 0;
			defaultConfigurationName = Release;
		};
/* End XCConfigurationList section */
	};
	rootObject = D6410E1C251106EB00139887 /* Project object */;
}
