// !$*UTF8*$!
{
	archiveVersion = 1;
	classes = {
	};
	objectVersion = 51;
	objects = {

/* Begin PBXBuildFile section */
		1258638856BEBFEA607F2E85 /* Pods_chatOnline.framework in Frameworks */ = {isa = PBXBuildFile; fileRef = 59AC714F527B745E6339A612 /* Pods_chatOnline.framework */; };
		D617A2E4252E921B0004981E /* DatabaseManager.swift in Sources */ = {isa = PBXBuildFile; fileRef = D617A2E3252E921B0004981E /* DatabaseManager.swift */; };
		D617A2E8252E92AB0004981E /* NewChatViewController.swift in Sources */ = {isa = PBXBuildFile; fileRef = D617A2E7252E92AB0004981E /* NewChatViewController.swift */; };
		D617A2EB252E95420004981E /* NewChatCell.swift in Sources */ = {isa = PBXBuildFile; fileRef = D617A2EA252E95420004981E /* NewChatCell.swift */; };
		D617A2EE252E966F0004981E /* MessageViewController.swift in Sources */ = {isa = PBXBuildFile; fileRef = D617A2ED252E966F0004981E /* MessageViewController.swift */; };
		D617A2F2252E97BF0004981E /* LocationPickerViewController.swift in Sources */ = {isa = PBXBuildFile; fileRef = D617A2F1252E97BF0004981E /* LocationPickerViewController.swift */; };
		D633CC61251215C600F81700 /* ProfileViewController.swift in Sources */ = {isa = PBXBuildFile; fileRef = D633CC60251215C600F81700 /* ProfileViewController.swift */; };
		D633CC63251215D700F81700 /* ProfilePresenter.swift in Sources */ = {isa = PBXBuildFile; fileRef = D633CC62251215D700F81700 /* ProfilePresenter.swift */; };
		D633CC652512169F00F81700 /* Profile.swift in Sources */ = {isa = PBXBuildFile; fileRef = D633CC642512169F00F81700 /* Profile.swift */; };
		D633CC682512177A00F81700 /* ProfileCell.swift in Sources */ = {isa = PBXBuildFile; fileRef = D633CC662512177A00F81700 /* ProfileCell.swift */; };
		D633CC692512177A00F81700 /* ProfileCell.xib in Resources */ = {isa = PBXBuildFile; fileRef = D633CC672512177A00F81700 /* ProfileCell.xib */; };
		D633CC6C2512273000F81700 /* ProfileService.swift in Sources */ = {isa = PBXBuildFile; fileRef = D633CC6B2512273000F81700 /* ProfileService.swift */; };
		D633CC6F2512279800F81700 /* IProfile.swift in Sources */ = {isa = PBXBuildFile; fileRef = D633CC6E2512279800F81700 /* IProfile.swift */; };
		D633CC71251227D700F81700 /* IProfileRepository.swift in Sources */ = {isa = PBXBuildFile; fileRef = D633CC70251227D600F81700 /* IProfileRepository.swift */; };
		D633CC742512285A00F81700 /* ProfileRepository.swift in Sources */ = {isa = PBXBuildFile; fileRef = D633CC732512285A00F81700 /* ProfileRepository.swift */; };
		D638B0F8252E53E700046043 /* Extension.swift in Sources */ = {isa = PBXBuildFile; fileRef = D638B0F7252E53E600046043 /* Extension.swift */; };
		D638B0FC252E5C3500046043 /* EditProfileViewController.swift in Sources */ = {isa = PBXBuildFile; fileRef = D638B0FB252E5C3500046043 /* EditProfileViewController.swift */; };
		D638B0FF252E627500046043 /* EditPresenter.swift in Sources */ = {isa = PBXBuildFile; fileRef = D638B0FE252E627500046043 /* EditPresenter.swift */; };
		D638B102252E800C00046043 /* ConversationsModels.swift in Sources */ = {isa = PBXBuildFile; fileRef = D638B101252E800C00046043 /* ConversationsModels.swift */; };
		D638B105252E88F600046043 /* ChatModels.swift in Sources */ = {isa = PBXBuildFile; fileRef = D638B104252E88F600046043 /* ChatModels.swift */; };
		D6410E28251106EB00139887 /* AppDelegate.swift in Sources */ = {isa = PBXBuildFile; fileRef = D6410E27251106EB00139887 /* AppDelegate.swift */; };
		D6410E2A251106EB00139887 /* SceneDelegate.swift in Sources */ = {isa = PBXBuildFile; fileRef = D6410E29251106EB00139887 /* SceneDelegate.swift */; };
		D6410E2F251106EB00139887 /* Main.storyboard in Resources */ = {isa = PBXBuildFile; fileRef = D6410E2D251106EB00139887 /* Main.storyboard */; };
		D6410E31251106EE00139887 /* Assets.xcassets in Resources */ = {isa = PBXBuildFile; fileRef = D6410E30251106EE00139887 /* Assets.xcassets */; };
		D6410E34251106EE00139887 /* LaunchScreen.storyboard in Resources */ = {isa = PBXBuildFile; fileRef = D6410E32251106EE00139887 /* LaunchScreen.storyboard */; };
		D6410E3C2511090A00139887 /* GoogleService-Info.plist in Resources */ = {isa = PBXBuildFile; fileRef = D6410E3B2511090A00139887 /* GoogleService-Info.plist */; };
		D67CEE3B251162B6004A8206 /* ForgotPasswordViewController.swift in Sources */ = {isa = PBXBuildFile; fileRef = D67CEE3A251162B6004A8206 /* ForgotPasswordViewController.swift */; };
		D67CEE3D2511654E004A8206 /* ForgotPasswordPresenter.swift in Sources */ = {isa = PBXBuildFile; fileRef = D67CEE3C2511654E004A8206 /* ForgotPasswordPresenter.swift */; };
		D67CEE4025116623004A8206 /* ForgotPasswordService.swift in Sources */ = {isa = PBXBuildFile; fileRef = D67CEE3F25116623004A8206 /* ForgotPasswordService.swift */; };
		D67CEE4325116664004A8206 /* IForgot.swift in Sources */ = {isa = PBXBuildFile; fileRef = D67CEE4225116664004A8206 /* IForgot.swift */; };
		D67CEE45251166B4004A8206 /* IForgotRepository.swift in Sources */ = {isa = PBXBuildFile; fileRef = D67CEE44251166B4004A8206 /* IForgotRepository.swift */; };
		D67CEE48251166F2004A8206 /* ForgotRepository.swift in Sources */ = {isa = PBXBuildFile; fileRef = D67CEE47251166F2004A8206 /* ForgotRepository.swift */; };
		D67CEE4D25116D33004A8206 /* Loading.swift in Sources */ = {isa = PBXBuildFile; fileRef = D67CEE4C25116D33004A8206 /* Loading.swift */; };
		D67CEE5025116D77004A8206 /* AlertService.swift in Sources */ = {isa = PBXBuildFile; fileRef = D67CEE4F25116D77004A8206 /* AlertService.swift */; };
		D67CEE5225116D87004A8206 /* AlertViewController.swift in Sources */ = {isa = PBXBuildFile; fileRef = D67CEE5125116D87004A8206 /* AlertViewController.swift */; };
		D67CEE5425116D91004A8206 /* Alert.storyboard in Resources */ = {isa = PBXBuildFile; fileRef = D67CEE5325116D91004A8206 /* Alert.storyboard */; };
		D67CEE572511746B004A8206 /* Constant.swift in Sources */ = {isa = PBXBuildFile; fileRef = D67CEE562511746B004A8206 /* Constant.swift */; };
		D67CEE5A251182B0004A8206 /* LoginService.swift in Sources */ = {isa = PBXBuildFile; fileRef = D67CEE59251182B0004A8206 /* LoginService.swift */; };
		D67CEE5D25118347004A8206 /* ILogin.swift in Sources */ = {isa = PBXBuildFile; fileRef = D67CEE5C25118347004A8206 /* ILogin.swift */; };
		D67CEE5F2511835B004A8206 /* ILoginRepository.swift in Sources */ = {isa = PBXBuildFile; fileRef = D67CEE5E2511835B004A8206 /* ILoginRepository.swift */; };
		D67CEE62251183ED004A8206 /* LoginRepository.swift in Sources */ = {isa = PBXBuildFile; fileRef = D67CEE61251183ED004A8206 /* LoginRepository.swift */; };
		D67CEE6425118879004A8206 /* Home.storyboard in Resources */ = {isa = PBXBuildFile; fileRef = D67CEE6325118879004A8206 /* Home.storyboard */; };
		D67CEE66251188D5004A8206 /* HomeTabBarController.swift in Sources */ = {isa = PBXBuildFile; fileRef = D67CEE65251188D5004A8206 /* HomeTabBarController.swift */; };
		D6928A92252E9040004CF37E /* ChatCell.swift in Sources */ = {isa = PBXBuildFile; fileRef = D6928A91252E9040004CF37E /* ChatCell.swift */; };
		D6971689252E8B97004C392D /* SearchResult.swift in Sources */ = {isa = PBXBuildFile; fileRef = D6971688252E8B97004C392D /* SearchResult.swift */; };
		D69D7B31252D43650016F459 /* ChatViewController.swift in Sources */ = {isa = PBXBuildFile; fileRef = D69D7B30252D43650016F459 /* ChatViewController.swift */; };
		D6B798E2251113670045777C /* LoginViewController.swift in Sources */ = {isa = PBXBuildFile; fileRef = D6B798E1251113670045777C /* LoginViewController.swift */; };
		D6B798E625111AC30045777C /* RegisterViewController.swift in Sources */ = {isa = PBXBuildFile; fileRef = D6B798E525111AC30045777C /* RegisterViewController.swift */; };
		D6B798E8251124870045777C /* LoginPresenter.swift in Sources */ = {isa = PBXBuildFile; fileRef = D6B798E7251124870045777C /* LoginPresenter.swift */; };
		D6B798EC251125A60045777C /* UserService.swift in Sources */ = {isa = PBXBuildFile; fileRef = D6B798EB251125A60045777C /* UserService.swift */; };
		D6B798F0251125E50045777C /* IUser.swift in Sources */ = {isa = PBXBuildFile; fileRef = D6B798EF251125E50045777C /* IUser.swift */; };
		D6B798F2251125F60045777C /* IUserRepository.swift in Sources */ = {isa = PBXBuildFile; fileRef = D6B798F1251125F60045777C /* IUserRepository.swift */; };
		D6B798F6251127810045777C /* UserRepository.swift in Sources */ = {isa = PBXBuildFile; fileRef = D6B798F5251127810045777C /* UserRepository.swift */; };
		D6B798F9251128E50045777C /* User.swift in Sources */ = {isa = PBXBuildFile; fileRef = D6B798F8251128E50045777C /* User.swift */; };
		D6B798FF25112C2A0045777C /* Entity.swift in Sources */ = {isa = PBXBuildFile; fileRef = D6B798FE25112C2A0045777C /* Entity.swift */; };
		D6B7990125112C4C0045777C /* ValueObject.swift in Sources */ = {isa = PBXBuildFile; fileRef = D6B7990025112C4C0045777C /* ValueObject.swift */; };
		D6B79904251130A50045777C /* ManageFirebaseApi.swift in Sources */ = {isa = PBXBuildFile; fileRef = D6B79903251130A50045777C /* ManageFirebaseApi.swift */; };
		D6B79906251132FF0045777C /* RegisterPresenter.swift in Sources */ = {isa = PBXBuildFile; fileRef = D6B79905251132FF0045777C /* RegisterPresenter.swift */; };
/* End PBXBuildFile section */

/* Begin PBXFileReference section */
		0E75B1147014AD85B269479B /* Pods-chatOnline.release.xcconfig */ = {isa = PBXFileReference; includeInIndex = 1; lastKnownFileType = text.xcconfig; name = "Pods-chatOnline.release.xcconfig"; path = "Target Support Files/Pods-chatOnline/Pods-chatOnline.release.xcconfig"; sourceTree = "<group>"; };
		59AC714F527B745E6339A612 /* Pods_chatOnline.framework */ = {isa = PBXFileReference; explicitFileType = wrapper.framework; includeInIndex = 0; path = Pods_chatOnline.framework; sourceTree = BUILT_PRODUCTS_DIR; };
		CB2671FCF97244758CC06ADB /* Pods-chatOnline.debug.xcconfig */ = {isa = PBXFileReference; includeInIndex = 1; lastKnownFileType = text.xcconfig; name = "Pods-chatOnline.debug.xcconfig"; path = "Target Support Files/Pods-chatOnline/Pods-chatOnline.debug.xcconfig"; sourceTree = "<group>"; };
		D617A2E3252E921B0004981E /* DatabaseManager.swift */ = {isa = PBXFileReference; lastKnownFileType = sourcecode.swift; path = DatabaseManager.swift; sourceTree = "<group>"; };
		D617A2E7252E92AB0004981E /* NewChatViewController.swift */ = {isa = PBXFileReference; lastKnownFileType = sourcecode.swift; path = NewChatViewController.swift; sourceTree = "<group>"; };
		D617A2EA252E95420004981E /* NewChatCell.swift */ = {isa = PBXFileReference; lastKnownFileType = sourcecode.swift; path = NewChatCell.swift; sourceTree = "<group>"; };
		D617A2ED252E966F0004981E /* MessageViewController.swift */ = {isa = PBXFileReference; lastKnownFileType = sourcecode.swift; path = MessageViewController.swift; sourceTree = "<group>"; };
		D617A2F1252E97BF0004981E /* LocationPickerViewController.swift */ = {isa = PBXFileReference; lastKnownFileType = sourcecode.swift; path = LocationPickerViewController.swift; sourceTree = "<group>"; };
		D633CC60251215C600F81700 /* ProfileViewController.swift */ = {isa = PBXFileReference; lastKnownFileType = sourcecode.swift; path = ProfileViewController.swift; sourceTree = "<group>"; };
		D633CC62251215D700F81700 /* ProfilePresenter.swift */ = {isa = PBXFileReference; lastKnownFileType = sourcecode.swift; path = ProfilePresenter.swift; sourceTree = "<group>"; };
		D633CC642512169F00F81700 /* Profile.swift */ = {isa = PBXFileReference; lastKnownFileType = sourcecode.swift; path = Profile.swift; sourceTree = "<group>"; };
		D633CC662512177A00F81700 /* ProfileCell.swift */ = {isa = PBXFileReference; lastKnownFileType = sourcecode.swift; path = ProfileCell.swift; sourceTree = "<group>"; };
		D633CC672512177A00F81700 /* ProfileCell.xib */ = {isa = PBXFileReference; lastKnownFileType = file.xib; path = ProfileCell.xib; sourceTree = "<group>"; };
		D633CC6B2512273000F81700 /* ProfileService.swift */ = {isa = PBXFileReference; lastKnownFileType = sourcecode.swift; path = ProfileService.swift; sourceTree = "<group>"; };
		D633CC6E2512279800F81700 /* IProfile.swift */ = {isa = PBXFileReference; lastKnownFileType = sourcecode.swift; path = IProfile.swift; sourceTree = "<group>"; };
		D633CC70251227D600F81700 /* IProfileRepository.swift */ = {isa = PBXFileReference; lastKnownFileType = sourcecode.swift; path = IProfileRepository.swift; sourceTree = "<group>"; };
		D633CC732512285A00F81700 /* ProfileRepository.swift */ = {isa = PBXFileReference; lastKnownFileType = sourcecode.swift; path = ProfileRepository.swift; sourceTree = "<group>"; };
		D638B0F7252E53E600046043 /* Extension.swift */ = {isa = PBXFileReference; lastKnownFileType = sourcecode.swift; path = Extension.swift; sourceTree = "<group>"; };
		D638B0FB252E5C3500046043 /* EditProfileViewController.swift */ = {isa = PBXFileReference; lastKnownFileType = sourcecode.swift; path = EditProfileViewController.swift; sourceTree = "<group>"; };
		D638B0FE252E627500046043 /* EditPresenter.swift */ = {isa = PBXFileReference; lastKnownFileType = sourcecode.swift; path = EditPresenter.swift; sourceTree = "<group>"; };
		D638B101252E800C00046043 /* ConversationsModels.swift */ = {isa = PBXFileReference; lastKnownFileType = sourcecode.swift; path = ConversationsModels.swift; sourceTree = "<group>"; };
		D638B104252E88F600046043 /* ChatModels.swift */ = {isa = PBXFileReference; lastKnownFileType = sourcecode.swift; path = ChatModels.swift; sourceTree = "<group>"; };
		D6410E24251106EB00139887 /* chatOnline.app */ = {isa = PBXFileReference; explicitFileType = wrapper.application; includeInIndex = 0; path = chatOnline.app; sourceTree = BUILT_PRODUCTS_DIR; };
		D6410E27251106EB00139887 /* AppDelegate.swift */ = {isa = PBXFileReference; lastKnownFileType = sourcecode.swift; path = AppDelegate.swift; sourceTree = "<group>"; };
		D6410E29251106EB00139887 /* SceneDelegate.swift */ = {isa = PBXFileReference; lastKnownFileType = sourcecode.swift; path = SceneDelegate.swift; sourceTree = "<group>"; };
		D6410E2E251106EB00139887 /* Base */ = {isa = PBXFileReference; lastKnownFileType = file.storyboard; name = Base; path = Base.lproj/Main.storyboard; sourceTree = "<group>"; };
		D6410E30251106EE00139887 /* Assets.xcassets */ = {isa = PBXFileReference; lastKnownFileType = folder.assetcatalog; path = Assets.xcassets; sourceTree = "<group>"; };
		D6410E33251106EE00139887 /* Base */ = {isa = PBXFileReference; lastKnownFileType = file.storyboard; name = Base; path = Base.lproj/LaunchScreen.storyboard; sourceTree = "<group>"; };
		D6410E35251106EE00139887 /* Info.plist */ = {isa = PBXFileReference; lastKnownFileType = text.plist.xml; path = Info.plist; sourceTree = "<group>"; };
		D6410E3B2511090A00139887 /* GoogleService-Info.plist */ = {isa = PBXFileReference; fileEncoding = 4; lastKnownFileType = text.plist.xml; path = "GoogleService-Info.plist"; sourceTree = "<group>"; };
		D67CEE3A251162B6004A8206 /* ForgotPasswordViewController.swift */ = {isa = PBXFileReference; lastKnownFileType = sourcecode.swift; path = ForgotPasswordViewController.swift; sourceTree = "<group>"; };
		D67CEE3C2511654E004A8206 /* ForgotPasswordPresenter.swift */ = {isa = PBXFileReference; lastKnownFileType = sourcecode.swift; path = ForgotPasswordPresenter.swift; sourceTree = "<group>"; };
		D67CEE3F25116623004A8206 /* ForgotPasswordService.swift */ = {isa = PBXFileReference; lastKnownFileType = sourcecode.swift; path = ForgotPasswordService.swift; sourceTree = "<group>"; };
		D67CEE4225116664004A8206 /* IForgot.swift */ = {isa = PBXFileReference; lastKnownFileType = sourcecode.swift; path = IForgot.swift; sourceTree = "<group>"; };
		D67CEE44251166B4004A8206 /* IForgotRepository.swift */ = {isa = PBXFileReference; lastKnownFileType = sourcecode.swift; path = IForgotRepository.swift; sourceTree = "<group>"; };
		D67CEE47251166F2004A8206 /* ForgotRepository.swift */ = {isa = PBXFileReference; lastKnownFileType = sourcecode.swift; path = ForgotRepository.swift; sourceTree = "<group>"; };
		D67CEE4C25116D33004A8206 /* Loading.swift */ = {isa = PBXFileReference; lastKnownFileType = sourcecode.swift; path = Loading.swift; sourceTree = "<group>"; };
		D67CEE4F25116D77004A8206 /* AlertService.swift */ = {isa = PBXFileReference; lastKnownFileType = sourcecode.swift; path = AlertService.swift; sourceTree = "<group>"; };
		D67CEE5125116D87004A8206 /* AlertViewController.swift */ = {isa = PBXFileReference; lastKnownFileType = sourcecode.swift; path = AlertViewController.swift; sourceTree = "<group>"; };
		D67CEE5325116D91004A8206 /* Alert.storyboard */ = {isa = PBXFileReference; lastKnownFileType = file.storyboard; path = Alert.storyboard; sourceTree = "<group>"; };
		D67CEE562511746B004A8206 /* Constant.swift */ = {isa = PBXFileReference; lastKnownFileType = sourcecode.swift; path = Constant.swift; sourceTree = "<group>"; };
		D67CEE59251182B0004A8206 /* LoginService.swift */ = {isa = PBXFileReference; lastKnownFileType = sourcecode.swift; path = LoginService.swift; sourceTree = "<group>"; };
		D67CEE5C25118347004A8206 /* ILogin.swift */ = {isa = PBXFileReference; lastKnownFileType = sourcecode.swift; path = ILogin.swift; sourceTree = "<group>"; };
		D67CEE5E2511835B004A8206 /* ILoginRepository.swift */ = {isa = PBXFileReference; lastKnownFileType = sourcecode.swift; path = ILoginRepository.swift; sourceTree = "<group>"; };
		D67CEE61251183ED004A8206 /* LoginRepository.swift */ = {isa = PBXFileReference; lastKnownFileType = sourcecode.swift; path = LoginRepository.swift; sourceTree = "<group>"; };
		D67CEE6325118879004A8206 /* Home.storyboard */ = {isa = PBXFileReference; lastKnownFileType = file.storyboard; path = Home.storyboard; sourceTree = "<group>"; };
		D67CEE65251188D5004A8206 /* HomeTabBarController.swift */ = {isa = PBXFileReference; lastKnownFileType = sourcecode.swift; path = HomeTabBarController.swift; sourceTree = "<group>"; };
		D6928A91252E9040004CF37E /* ChatCell.swift */ = {isa = PBXFileReference; lastKnownFileType = sourcecode.swift; path = ChatCell.swift; sourceTree = "<group>"; };
		D6971688252E8B97004C392D /* SearchResult.swift */ = {isa = PBXFileReference; lastKnownFileType = sourcecode.swift; path = SearchResult.swift; sourceTree = "<group>"; };
		D69D7B30252D43650016F459 /* ChatViewController.swift */ = {isa = PBXFileReference; lastKnownFileType = sourcecode.swift; path = ChatViewController.swift; sourceTree = "<group>"; };
		D6B798E1251113670045777C /* LoginViewController.swift */ = {isa = PBXFileReference; lastKnownFileType = sourcecode.swift; path = LoginViewController.swift; sourceTree = "<group>"; };
		D6B798E525111AC30045777C /* RegisterViewController.swift */ = {isa = PBXFileReference; lastKnownFileType = sourcecode.swift; path = RegisterViewController.swift; sourceTree = "<group>"; };
		D6B798E7251124870045777C /* LoginPresenter.swift */ = {isa = PBXFileReference; lastKnownFileType = sourcecode.swift; path = LoginPresenter.swift; sourceTree = "<group>"; };
		D6B798EB251125A60045777C /* UserService.swift */ = {isa = PBXFileReference; lastKnownFileType = sourcecode.swift; path = UserService.swift; sourceTree = "<group>"; };
		D6B798EF251125E50045777C /* IUser.swift */ = {isa = PBXFileReference; lastKnownFileType = sourcecode.swift; path = IUser.swift; sourceTree = "<group>"; };
		D6B798F1251125F60045777C /* IUserRepository.swift */ = {isa = PBXFileReference; lastKnownFileType = sourcecode.swift; path = IUserRepository.swift; sourceTree = "<group>"; };
		D6B798F5251127810045777C /* UserRepository.swift */ = {isa = PBXFileReference; lastKnownFileType = sourcecode.swift; path = UserRepository.swift; sourceTree = "<group>"; };
		D6B798F8251128E50045777C /* User.swift */ = {isa = PBXFileReference; lastKnownFileType = sourcecode.swift; path = User.swift; sourceTree = "<group>"; };
		D6B798FE25112C2A0045777C /* Entity.swift */ = {isa = PBXFileReference; lastKnownFileType = sourcecode.swift; path = Entity.swift; sourceTree = "<group>"; };
		D6B7990025112C4C0045777C /* ValueObject.swift */ = {isa = PBXFileReference; lastKnownFileType = sourcecode.swift; path = ValueObject.swift; sourceTree = "<group>"; };
		D6B79903251130A50045777C /* ManageFirebaseApi.swift */ = {isa = PBXFileReference; lastKnownFileType = sourcecode.swift; path = ManageFirebaseApi.swift; sourceTree = "<group>"; };
		D6B79905251132FF0045777C /* RegisterPresenter.swift */ = {isa = PBXFileReference; lastKnownFileType = sourcecode.swift; path = RegisterPresenter.swift; sourceTree = "<group>"; };
/* End PBXFileReference section */

/* Begin PBXFrameworksBuildPhase section */
		D6410E21251106EB00139887 /* Frameworks */ = {
			isa = PBXFrameworksBuildPhase;
			buildActionMask = 2147483647;
			files = (
				1258638856BEBFEA607F2E85 /* Pods_chatOnline.framework in Frameworks */,
			);
			runOnlyForDeploymentPostprocessing = 0;
		};
/* End PBXFrameworksBuildPhase section */

/* Begin PBXGroup section */
		647B8ED9F0BDF9A9F2885B4F /* Frameworks */ = {
			isa = PBXGroup;
			children = (
				59AC714F527B745E6339A612 /* Pods_chatOnline.framework */,
			);
			name = Frameworks;
			sourceTree = "<group>";
		};
		8AAB41912D75059EDD95BF4A /* Pods */ = {
			isa = PBXGroup;
			children = (
				CB2671FCF97244758CC06ADB /* Pods-chatOnline.debug.xcconfig */,
				0E75B1147014AD85B269479B /* Pods-chatOnline.release.xcconfig */,
			);
			path = Pods;
			sourceTree = "<group>";
		};
		D617A2E2252E92030004981E /* Resource */ = {
			isa = PBXGroup;
			children = (
				D617A2E3252E921B0004981E /* DatabaseManager.swift */,
			);
			path = Resource;
			sourceTree = "<group>";
		};
		D617A2F0252E97AE0004981E /* Location */ = {
			isa = PBXGroup;
			children = (
				D617A2F1252E97BF0004981E /* LocationPickerViewController.swift */,
			);
			path = Location;
			sourceTree = "<group>";
		};
		D633CC5E2512159500F81700 /* Profile */ = {
			isa = PBXGroup;
			children = (
				D633CC5F251215A300F81700 /* Cell */,
				D633CC60251215C600F81700 /* ProfileViewController.swift */,
				D633CC62251215D700F81700 /* ProfilePresenter.swift */,
			);
			path = Profile;
			sourceTree = "<group>";
		};
		D633CC5F251215A300F81700 /* Cell */ = {
			isa = PBXGroup;
			children = (
				D633CC662512177A00F81700 /* ProfileCell.swift */,
				D633CC672512177A00F81700 /* ProfileCell.xib */,
			);
			path = Cell;
			sourceTree = "<group>";
		};
		D633CC6A2512272000F81700 /* Profile */ = {
			isa = PBXGroup;
			children = (
				D633CC6B2512273000F81700 /* ProfileService.swift */,
			);
			path = Profile;
			sourceTree = "<group>";
		};
		D633CC6D2512278800F81700 /* Profile */ = {
			isa = PBXGroup;
			children = (
				D633CC6E2512279800F81700 /* IProfile.swift */,
				D633CC70251227D600F81700 /* IProfileRepository.swift */,
			);
			path = Profile;
			sourceTree = "<group>";
		};
		D633CC722512284400F81700 /* Profile */ = {
			isa = PBXGroup;
			children = (
				D633CC732512285A00F81700 /* ProfileRepository.swift */,
			);
			path = Profile;
			sourceTree = "<group>";
		};
		D638B0FA252E5C2300046043 /* EditProfile */ = {
			isa = PBXGroup;
			children = (
				D638B0FB252E5C3500046043 /* EditProfileViewController.swift */,
				D638B0FE252E627500046043 /* EditPresenter.swift */,
			);
			path = EditProfile;
			sourceTree = "<group>";
		};
		D6410E1B251106EB00139887 = {
			isa = PBXGroup;
			children = (
				D6410E26251106EB00139887 /* chatOnline */,
				D6410E25251106EB00139887 /* Products */,
				8AAB41912D75059EDD95BF4A /* Pods */,
				647B8ED9F0BDF9A9F2885B4F /* Frameworks */,
			);
			sourceTree = "<group>";
		};
		D6410E25251106EB00139887 /* Products */ = {
			isa = PBXGroup;
			children = (
				D6410E24251106EB00139887 /* chatOnline.app */,
			);
			name = Products;
			sourceTree = "<group>";
		};
		D6410E26251106EB00139887 /* chatOnline */ = {
			isa = PBXGroup;
			children = (
				D6B798F3251127350045777C /* Infrastructure */,
				D6B798ED251125C60045777C /* Domain */,
				D6B798E92511250D0045777C /* Application */,
				D6B798DF251112870045777C /* Controllers */,
				D6B798DD251112480045777C /* Common */,
				D6410E27251106EB00139887 /* AppDelegate.swift */,
				D6410E29251106EB00139887 /* SceneDelegate.swift */,
				D6410E2D251106EB00139887 /* Main.storyboard */,
				D6410E30251106EE00139887 /* Assets.xcassets */,
				D6410E32251106EE00139887 /* LaunchScreen.storyboard */,
				D6410E3B2511090A00139887 /* GoogleService-Info.plist */,
				D6410E35251106EE00139887 /* Info.plist */,
			);
			path = chatOnline;
			sourceTree = "<group>";
		};
		D67CEE392511629E004A8206 /* ForgotPassword */ = {
			isa = PBXGroup;
			children = (
				D67CEE3A251162B6004A8206 /* ForgotPasswordViewController.swift */,
				D67CEE3C2511654E004A8206 /* ForgotPasswordPresenter.swift */,
			);
			path = ForgotPassword;
			sourceTree = "<group>";
		};
		D67CEE3E2511660D004A8206 /* ForgotPassword */ = {
			isa = PBXGroup;
			children = (
				D67CEE3F25116623004A8206 /* ForgotPasswordService.swift */,
			);
			path = ForgotPassword;
			sourceTree = "<group>";
		};
		D67CEE4125116646004A8206 /* ForgotPassword */ = {
			isa = PBXGroup;
			children = (
				D67CEE4225116664004A8206 /* IForgot.swift */,
				D67CEE44251166B4004A8206 /* IForgotRepository.swift */,
			);
			path = ForgotPassword;
			sourceTree = "<group>";
		};
		D67CEE46251166DE004A8206 /* ForgotPassword */ = {
			isa = PBXGroup;
			children = (
				D67CEE47251166F2004A8206 /* ForgotRepository.swift */,
			);
			path = ForgotPassword;
			sourceTree = "<group>";
		};
		D67CEE4925116C9C004A8206 /* Home */ = {
			isa = PBXGroup;
			children = (
				D67CEE6325118879004A8206 /* Home.storyboard */,
				D67CEE65251188D5004A8206 /* HomeTabBarController.swift */,
			);
			path = Home;
			sourceTree = "<group>";
		};
		D67CEE4A25116CC8004A8206 /* Components */ = {
			isa = PBXGroup;
			children = (
				D67CEE4E25116D58004A8206 /* AlertForm */,
				D67CEE4B25116CD0004A8206 /* Loading */,
			);
			path = Components;
			sourceTree = "<group>";
		};
		D67CEE4B25116CD0004A8206 /* Loading */ = {
			isa = PBXGroup;
			children = (
				D67CEE4C25116D33004A8206 /* Loading.swift */,
			);
			path = Loading;
			sourceTree = "<group>";
		};
		D67CEE4E25116D58004A8206 /* AlertForm */ = {
			isa = PBXGroup;
			children = (
				D67CEE4F25116D77004A8206 /* AlertService.swift */,
				D67CEE5125116D87004A8206 /* AlertViewController.swift */,
				D67CEE5325116D91004A8206 /* Alert.storyboard */,
			);
			path = AlertForm;
			sourceTree = "<group>";
		};
		D67CEE552511742A004A8206 /* Util */ = {
			isa = PBXGroup;
			children = (
				D67CEE562511746B004A8206 /* Constant.swift */,
				D638B0F7252E53E600046043 /* Extension.swift */,
			);
			path = Util;
			sourceTree = "<group>";
		};
		D67CEE582511829E004A8206 /* Login */ = {
			isa = PBXGroup;
			children = (
				D67CEE59251182B0004A8206 /* LoginService.swift */,
			);
			path = Login;
			sourceTree = "<group>";
		};
		D67CEE5B2511830A004A8206 /* Login */ = {
			isa = PBXGroup;
			children = (
				D67CEE5C25118347004A8206 /* ILogin.swift */,
				D67CEE5E2511835B004A8206 /* ILoginRepository.swift */,
			);
			path = Login;
			sourceTree = "<group>";
		};
		D67CEE60251183DD004A8206 /* Login */ = {
			isa = PBXGroup;
			children = (
				D67CEE61251183ED004A8206 /* LoginRepository.swift */,
			);
			path = Login;
			sourceTree = "<group>";
		};
		D6928A90252E9020004CF37E /* Cell */ = {
			isa = PBXGroup;
			children = (
				D6928A91252E9040004CF37E /* ChatCell.swift */,
				D617A2EA252E95420004981E /* NewChatCell.swift */,
			);
			path = Cell;
			sourceTree = "<group>";
		};
		D69D7B2F252D43440016F459 /* Chat */ = {
			isa = PBXGroup;
			children = (
				D6928A90252E9020004CF37E /* Cell */,
				D69D7B30252D43650016F459 /* ChatViewController.swift */,
				D617A2E7252E92AB0004981E /* NewChatViewController.swift */,
				D617A2ED252E966F0004981E /* MessageViewController.swift */,
			);
			path = Chat;
			sourceTree = "<group>";
		};
		D6B798DD251112480045777C /* Common */ = {
			isa = PBXGroup;
			children = (
				D617A2E2252E92030004981E /* Resource */,
				D67CEE552511742A004A8206 /* Util */,
				D67CEE4A25116CC8004A8206 /* Components */,
				D6B79902251130730045777C /* FirebaseApi */,
				D6B798FD25112C1D0045777C /* Entity */,
				D6B798F7251128D80045777C /* Model */,
			);
			path = Common;
			sourceTree = "<group>";
		};
		D6B798DF251112870045777C /* Controllers */ = {
			isa = PBXGroup;
			children = (
				D617A2F0252E97AE0004981E /* Location */,
				D638B0FA252E5C2300046043 /* EditProfile */,
				D69D7B2F252D43440016F459 /* Chat */,
				D633CC5E2512159500F81700 /* Profile */,
				D67CEE4925116C9C004A8206 /* Home */,
				D67CEE392511629E004A8206 /* ForgotPassword */,
				D6B798E425111AAD0045777C /* Register */,
				D6B798E0251112E10045777C /* Login */,
			);
			path = Controllers;
			sourceTree = "<group>";
		};
		D6B798E0251112E10045777C /* Login */ = {
			isa = PBXGroup;
			children = (
				D6B798E1251113670045777C /* LoginViewController.swift */,
				D6B798E7251124870045777C /* LoginPresenter.swift */,
			);
			path = Login;
			sourceTree = "<group>";
		};
		D6B798E425111AAD0045777C /* Register */ = {
			isa = PBXGroup;
			children = (
				D6B798E525111AC30045777C /* RegisterViewController.swift */,
				D6B79905251132FF0045777C /* RegisterPresenter.swift */,
			);
			path = Register;
			sourceTree = "<group>";
		};
		D6B798E92511250D0045777C /* Application */ = {
			isa = PBXGroup;
			children = (
				D633CC6A2512272000F81700 /* Profile */,
				D67CEE582511829E004A8206 /* Login */,
				D67CEE3E2511660D004A8206 /* ForgotPassword */,
				D6B798EA2511254C0045777C /* User */,
			);
			path = Application;
			sourceTree = "<group>";
		};
		D6B798EA2511254C0045777C /* User */ = {
			isa = PBXGroup;
			children = (
				D6B798EB251125A60045777C /* UserService.swift */,
			);
			path = User;
			sourceTree = "<group>";
		};
		D6B798ED251125C60045777C /* Domain */ = {
			isa = PBXGroup;
			children = (
				D633CC6D2512278800F81700 /* Profile */,
				D67CEE5B2511830A004A8206 /* Login */,
				D67CEE4125116646004A8206 /* ForgotPassword */,
				D6B798EE251125CD0045777C /* User */,
			);
			path = Domain;
			sourceTree = "<group>";
		};
		D6B798EE251125CD0045777C /* User */ = {
			isa = PBXGroup;
			children = (
				D6B798EF251125E50045777C /* IUser.swift */,
				D6B798F1251125F60045777C /* IUserRepository.swift */,
			);
			path = User;
			sourceTree = "<group>";
		};
		D6B798F3251127350045777C /* Infrastructure */ = {
			isa = PBXGroup;
			children = (
				D633CC722512284400F81700 /* Profile */,
				D67CEE60251183DD004A8206 /* Login */,
				D67CEE46251166DE004A8206 /* ForgotPassword */,
				D6B798F4251127500045777C /* User */,
			);
			path = Infrastructure;
			sourceTree = "<group>";
		};
		D6B798F4251127500045777C /* User */ = {
			isa = PBXGroup;
			children = (
				D6B798F5251127810045777C /* UserRepository.swift */,
			);
			path = User;
			sourceTree = "<group>";
		};
		D6B798F7251128D80045777C /* Model */ = {
			isa = PBXGroup;
			children = (
				D6B798F8251128E50045777C /* User.swift */,
				D633CC642512169F00F81700 /* Profile.swift */,
				D638B101252E800C00046043 /* ConversationsModels.swift */,
				D638B104252E88F600046043 /* ChatModels.swift */,
				D6971688252E8B97004C392D /* SearchResult.swift */,
			);
			path = Model;
			sourceTree = "<group>";
		};
		D6B798FD25112C1D0045777C /* Entity */ = {
			isa = PBXGroup;
			children = (
				D6B798FE25112C2A0045777C /* Entity.swift */,
				D6B7990025112C4C0045777C /* ValueObject.swift */,
			);
			path = Entity;
			sourceTree = "<group>";
		};
		D6B79902251130730045777C /* FirebaseApi */ = {
			isa = PBXGroup;
			children = (
				D6B79903251130A50045777C /* ManageFirebaseApi.swift */,
			);
			path = FirebaseApi;
			sourceTree = "<group>";
		};
/* End PBXGroup section */

/* Begin PBXNativeTarget section */
		D6410E23251106EB00139887 /* chatOnline */ = {
			isa = PBXNativeTarget;
			buildConfigurationList = D6410E38251106EE00139887 /* Build configuration list for PBXNativeTarget "chatOnline" */;
			buildPhases = (
				21CE6B917B93727EE5BB1562 /* [CP] Check Pods Manifest.lock */,
				D6410E20251106EB00139887 /* Sources */,
				D6410E21251106EB00139887 /* Frameworks */,
				D6410E22251106EB00139887 /* Resources */,
				AEA3441F085E6F9FBB0FD155 /* [CP] Embed Pods Frameworks */,
			);
			buildRules = (
			);
			dependencies = (
			);
			name = chatOnline;
			productName = chatOnline;
			productReference = D6410E24251106EB00139887 /* chatOnline.app */;
			productType = "com.apple.product-type.application";
		};
/* End PBXNativeTarget section */

/* Begin PBXProject section */
		D6410E1C251106EB00139887 /* Project object */ = {
			isa = PBXProject;
			attributes = {
				LastSwiftUpdateCheck = 1160;
				LastUpgradeCheck = 1160;
				ORGANIZATIONNAME = chatOnline;
				TargetAttributes = {
					D6410E23251106EB00139887 = {
						CreatedOnToolsVersion = 11.6;
					};
				};
			};
			buildConfigurationList = D6410E1F251106EB00139887 /* Build configuration list for PBXProject "chatOnline" */;
			compatibilityVersion = "Xcode 9.3";
			developmentRegion = en;
			hasScannedForEncodings = 0;
			knownRegions = (
				en,
				Base,
			);
			mainGroup = D6410E1B251106EB00139887;
			productRefGroup = D6410E25251106EB00139887 /* Products */;
			projectDirPath = "";
			projectRoot = "";
			targets = (
				D6410E23251106EB00139887 /* chatOnline */,
			);
		};
/* End PBXProject section */

/* Begin PBXResourcesBuildPhase section */
		D6410E22251106EB00139887 /* Resources */ = {
			isa = PBXResourcesBuildPhase;
			buildActionMask = 2147483647;
			files = (
				D6410E34251106EE00139887 /* LaunchScreen.storyboard in Resources */,
				D67CEE5425116D91004A8206 /* Alert.storyboard in Resources */,
				D6410E3C2511090A00139887 /* GoogleService-Info.plist in Resources */,
				D633CC692512177A00F81700 /* ProfileCell.xib in Resources */,
				D67CEE6425118879004A8206 /* Home.storyboard in Resources */,
				D6410E31251106EE00139887 /* Assets.xcassets in Resources */,
				D6410E2F251106EB00139887 /* Main.storyboard in Resources */,
			);
			runOnlyForDeploymentPostprocessing = 0;
		};
/* End PBXResourcesBuildPhase section */

/* Begin PBXShellScriptBuildPhase section */
		21CE6B917B93727EE5BB1562 /* [CP] Check Pods Manifest.lock */ = {
			isa = PBXShellScriptBuildPhase;
			buildActionMask = 2147483647;
			files = (
			);
			inputFileListPaths = (
			);
			inputPaths = (
				"${PODS_PODFILE_DIR_PATH}/Podfile.lock",
				"${PODS_ROOT}/Manifest.lock",
			);
			name = "[CP] Check Pods Manifest.lock";
			outputFileListPaths = (
			);
			outputPaths = (
				"$(DERIVED_FILE_DIR)/Pods-chatOnline-checkManifestLockResult.txt",
			);
			runOnlyForDeploymentPostprocessing = 0;
			shellPath = /bin/sh;
			shellScript = "diff \"${PODS_PODFILE_DIR_PATH}/Podfile.lock\" \"${PODS_ROOT}/Manifest.lock\" > /dev/null\nif [ $? != 0 ] ; then\n    # print error to STDERR\n    echo \"error: The sandbox is not in sync with the Podfile.lock. Run 'pod install' or update your CocoaPods installation.\" >&2\n    exit 1\nfi\n# This output is used by Xcode 'outputs' to avoid re-running this script phase.\necho \"SUCCESS\" > \"${SCRIPT_OUTPUT_FILE_0}\"\n";
			showEnvVarsInLog = 0;
		};
		AEA3441F085E6F9FBB0FD155 /* [CP] Embed Pods Frameworks */ = {
			isa = PBXShellScriptBuildPhase;
			buildActionMask = 2147483647;
			files = (
			);
			inputFileListPaths = (
				"${PODS_ROOT}/Target Support Files/Pods-chatOnline/Pods-chatOnline-frameworks-${CONFIGURATION}-input-files.xcfilelist",
			);
			name = "[CP] Embed Pods Frameworks";
			outputFileListPaths = (
				"${PODS_ROOT}/Target Support Files/Pods-chatOnline/Pods-chatOnline-frameworks-${CONFIGURATION}-output-files.xcfilelist",
			);
			runOnlyForDeploymentPostprocessing = 0;
			shellPath = /bin/sh;
			shellScript = "\"${PODS_ROOT}/Target Support Files/Pods-chatOnline/Pods-chatOnline-frameworks.sh\"\n";
			showEnvVarsInLog = 0;
		};
/* End PBXShellScriptBuildPhase section */

/* Begin PBXSourcesBuildPhase section */
		D6410E20251106EB00139887 /* Sources */ = {
			isa = PBXSourcesBuildPhase;
			buildActionMask = 2147483647;
			files = (
				D67CEE5025116D77004A8206 /* AlertService.swift in Sources */,
				D67CEE4325116664004A8206 /* IForgot.swift in Sources */,
				D6B798E2251113670045777C /* LoginViewController.swift in Sources */,
				D633CC682512177A00F81700 /* ProfileCell.swift in Sources */,
				D6B79904251130A50045777C /* ManageFirebaseApi.swift in Sources */,
				D633CC63251215D700F81700 /* ProfilePresenter.swift in Sources */,
				D67CEE572511746B004A8206 /* Constant.swift in Sources */,
				D638B105252E88F600046043 /* ChatModels.swift in Sources */,
				D633CC6C2512273000F81700 /* ProfileService.swift in Sources */,
				D638B0FC252E5C3500046043 /* EditProfileViewController.swift in Sources */,
				D6410E28251106EB00139887 /* AppDelegate.swift in Sources */,
				D638B0F8252E53E700046043 /* Extension.swift in Sources */,
				D67CEE4D25116D33004A8206 /* Loading.swift in Sources */,
				D617A2F2252E97BF0004981E /* LocationPickerViewController.swift in Sources */,
				D617A2EE252E966F0004981E /* MessageViewController.swift in Sources */,
				D6B798F6251127810045777C /* UserRepository.swift in Sources */,
				D67CEE3D2511654E004A8206 /* ForgotPasswordPresenter.swift in Sources */,
				D67CEE48251166F2004A8206 /* ForgotRepository.swift in Sources */,
				D633CC6F2512279800F81700 /* IProfile.swift in Sources */,
				D6B798EC251125A60045777C /* UserService.swift in Sources */,
				D6B798E8251124870045777C /* LoginPresenter.swift in Sources */,
				D617A2E8252E92AB0004981E /* NewChatViewController.swift in Sources */,
				D633CC61251215C600F81700 /* ProfileViewController.swift in Sources */,
				D67CEE5225116D87004A8206 /* AlertViewController.swift in Sources */,
				D6410E2A251106EB00139887 /* SceneDelegate.swift in Sources */,
				D6971689252E8B97004C392D /* SearchResult.swift in Sources */,
				D67CEE45251166B4004A8206 /* IForgotRepository.swift in Sources */,
				D6B7990125112C4C0045777C /* ValueObject.swift in Sources */,
				D6B798E625111AC30045777C /* RegisterViewController.swift in Sources */,
				D67CEE62251183ED004A8206 /* LoginRepository.swift in Sources */,
				D67CEE5D25118347004A8206 /* ILogin.swift in Sources */,
				D617A2E4252E921B0004981E /* DatabaseManager.swift in Sources */,
				D6B79906251132FF0045777C /* RegisterPresenter.swift in Sources */,
				D6B798FF25112C2A0045777C /* Entity.swift in Sources */,
				D67CEE3B251162B6004A8206 /* ForgotPasswordViewController.swift in Sources */,
				D67CEE4025116623004A8206 /* ForgotPasswordService.swift in Sources */,
				D633CC652512169F00F81700 /* Profile.swift in Sources */,
				D633CC71251227D700F81700 /* IProfileRepository.swift in Sources */,
				D69D7B31252D43650016F459 /* ChatViewController.swift in Sources */,
				D67CEE66251188D5004A8206 /* HomeTabBarController.swift in Sources */,
				D617A2EB252E95420004981E /* NewChatCell.swift in Sources */,
				D638B102252E800C00046043 /* ConversationsModels.swift in Sources */,
				D6B798F2251125F60045777C /* IUserRepository.swift in Sources */,
				D6928A92252E9040004CF37E /* ChatCell.swift in Sources */,
				D67CEE5A251182B0004A8206 /* LoginService.swift in Sources */,
				D67CEE5F2511835B004A8206 /* ILoginRepository.swift in Sources */,
				D6B798F9251128E50045777C /* User.swift in Sources */,
				D638B0FF252E627500046043 /* EditPresenter.swift in Sources */,
				D6B798F0251125E50045777C /* IUser.swift in Sources */,
				D633CC742512285A00F81700 /* ProfileRepository.swift in Sources */,
			);
			runOnlyForDeploymentPostprocessing = 0;
		};
/* End PBXSourcesBuildPhase section */

/* Begin PBXVariantGroup section */
		D6410E2D251106EB00139887 /* Main.storyboard */ = {
			isa = PBXVariantGroup;
			children = (
				D6410E2E251106EB00139887 /* Base */,
			);
			name = Main.storyboard;
			sourceTree = "<group>";
		};
		D6410E32251106EE00139887 /* LaunchScreen.storyboard */ = {
			isa = PBXVariantGroup;
			children = (
				D6410E33251106EE00139887 /* Base */,
			);
			name = LaunchScreen.storyboard;
			sourceTree = "<group>";
		};
/* End PBXVariantGroup section */

/* Begin XCBuildConfiguration section */
		D6410E36251106EE00139887 /* Debug */ = {
			isa = XCBuildConfiguration;
			buildSettings = {
				ALWAYS_SEARCH_USER_PATHS = NO;
				CLANG_ANALYZER_NONNULL = YES;
				CLANG_ANALYZER_NUMBER_OBJECT_CONVERSION = YES_AGGRESSIVE;
				CLANG_CXX_LANGUAGE_STANDARD = "gnu++14";
				CLANG_CXX_LIBRARY = "libc++";
				CLANG_ENABLE_MODULES = YES;
				CLANG_ENABLE_OBJC_ARC = YES;
				CLANG_ENABLE_OBJC_WEAK = YES;
				CLANG_WARN_BLOCK_CAPTURE_AUTORELEASING = YES;
				CLANG_WARN_BOOL_CONVERSION = YES;
				CLANG_WARN_COMMA = YES;
				CLANG_WARN_CONSTANT_CONVERSION = YES;
				CLANG_WARN_DEPRECATED_OBJC_IMPLEMENTATIONS = YES;
				CLANG_WARN_DIRECT_OBJC_ISA_USAGE = YES_ERROR;
				CLANG_WARN_DOCUMENTATION_COMMENTS = YES;
				CLANG_WARN_EMPTY_BODY = YES;
				CLANG_WARN_ENUM_CONVERSION = YES;
				CLANG_WARN_INFINITE_RECURSION = YES;
				CLANG_WARN_INT_CONVERSION = YES;
				CLANG_WARN_NON_LITERAL_NULL_CONVERSION = YES;
				CLANG_WARN_OBJC_IMPLICIT_RETAIN_SELF = YES;
				CLANG_WARN_OBJC_LITERAL_CONVERSION = YES;
				CLANG_WARN_OBJC_ROOT_CLASS = YES_ERROR;
				CLANG_WARN_RANGE_LOOP_ANALYSIS = YES;
				CLANG_WARN_STRICT_PROTOTYPES = YES;
				CLANG_WARN_SUSPICIOUS_MOVE = YES;
				CLANG_WARN_UNGUARDED_AVAILABILITY = YES_AGGRESSIVE;
				CLANG_WARN_UNREACHABLE_CODE = YES;
				CLANG_WARN__DUPLICATE_METHOD_MATCH = YES;
				COPY_PHASE_STRIP = NO;
				DEBUG_INFORMATION_FORMAT = dwarf;
				ENABLE_STRICT_OBJC_MSGSEND = YES;
				ENABLE_TESTABILITY = YES;
				GCC_C_LANGUAGE_STANDARD = gnu11;
				GCC_DYNAMIC_NO_PIC = NO;
				GCC_NO_COMMON_BLOCKS = YES;
				GCC_OPTIMIZATION_LEVEL = 0;
				GCC_PREPROCESSOR_DEFINITIONS = (
					"DEBUG=1",
					"$(inherited)",
				);
				GCC_WARN_64_TO_32_BIT_CONVERSION = YES;
				GCC_WARN_ABOUT_RETURN_TYPE = YES_ERROR;
				GCC_WARN_UNDECLARED_SELECTOR = YES;
				GCC_WARN_UNINITIALIZED_AUTOS = YES_AGGRESSIVE;
				GCC_WARN_UNUSED_FUNCTION = YES;
				GCC_WARN_UNUSED_VARIABLE = YES;
				IPHONEOS_DEPLOYMENT_TARGET = 11.4;
				MTL_ENABLE_DEBUG_INFO = INCLUDE_SOURCE;
				MTL_FAST_MATH = YES;
				ONLY_ACTIVE_ARCH = YES;
				SDKROOT = iphoneos;
				SWIFT_ACTIVE_COMPILATION_CONDITIONS = DEBUG;
				SWIFT_OPTIMIZATION_LEVEL = "-Onone";
			};
			name = Debug;
		};
		D6410E37251106EE00139887 /* Release */ = {
			isa = XCBuildConfiguration;
			buildSettings = {
				ALWAYS_SEARCH_USER_PATHS = NO;
				CLANG_ANALYZER_NONNULL = YES;
				CLANG_ANALYZER_NUMBER_OBJECT_CONVERSION = YES_AGGRESSIVE;
				CLANG_CXX_LANGUAGE_STANDARD = "gnu++14";
				CLANG_CXX_LIBRARY = "libc++";
				CLANG_ENABLE_MODULES = YES;
				CLANG_ENABLE_OBJC_ARC = YES;
				CLANG_ENABLE_OBJC_WEAK = YES;
				CLANG_WARN_BLOCK_CAPTURE_AUTORELEASING = YES;
				CLANG_WARN_BOOL_CONVERSION = YES;
				CLANG_WARN_COMMA = YES;
				CLANG_WARN_CONSTANT_CONVERSION = YES;
				CLANG_WARN_DEPRECATED_OBJC_IMPLEMENTATIONS = YES;
				CLANG_WARN_DIRECT_OBJC_ISA_USAGE = YES_ERROR;
				CLANG_WARN_DOCUMENTATION_COMMENTS = YES;
				CLANG_WARN_EMPTY_BODY = YES;
				CLANG_WARN_ENUM_CONVERSION = YES;
				CLANG_WARN_INFINITE_RECURSION = YES;
				CLANG_WARN_INT_CONVERSION = YES;
				CLANG_WARN_NON_LITERAL_NULL_CONVERSION = YES;
				CLANG_WARN_OBJC_IMPLICIT_RETAIN_SELF = YES;
				CLANG_WARN_OBJC_LITERAL_CONVERSION = YES;
				CLANG_WARN_OBJC_ROOT_CLASS = YES_ERROR;
				CLANG_WARN_RANGE_LOOP_ANALYSIS = YES;
				CLANG_WARN_STRICT_PROTOTYPES = YES;
				CLANG_WARN_SUSPICIOUS_MOVE = YES;
				CLANG_WARN_UNGUARDED_AVAILABILITY = YES_AGGRESSIVE;
				CLANG_WARN_UNREACHABLE_CODE = YES;
				CLANG_WARN__DUPLICATE_METHOD_MATCH = YES;
				COPY_PHASE_STRIP = NO;
				DEBUG_INFORMATION_FORMAT = "dwarf-with-dsym";
				ENABLE_NS_ASSERTIONS = NO;
				ENABLE_STRICT_OBJC_MSGSEND = YES;
				GCC_C_LANGUAGE_STANDARD = gnu11;
				GCC_NO_COMMON_BLOCKS = YES;
				GCC_WARN_64_TO_32_BIT_CONVERSION = YES;
				GCC_WARN_ABOUT_RETURN_TYPE = YES_ERROR;
				GCC_WARN_UNDECLARED_SELECTOR = YES;
				GCC_WARN_UNINITIALIZED_AUTOS = YES_AGGRESSIVE;
				GCC_WARN_UNUSED_FUNCTION = YES;
				GCC_WARN_UNUSED_VARIABLE = YES;
				IPHONEOS_DEPLOYMENT_TARGET = 11.4;
				MTL_ENABLE_DEBUG_INFO = NO;
				MTL_FAST_MATH = YES;
				SDKROOT = iphoneos;
				SWIFT_COMPILATION_MODE = wholemodule;
				SWIFT_OPTIMIZATION_LEVEL = "-O";
				VALIDATE_PRODUCT = YES;
			};
			name = Release;
		};
		D6410E39251106EE00139887 /* Debug */ = {
			isa = XCBuildConfiguration;
			baseConfigurationReference = CB2671FCF97244758CC06ADB /* Pods-chatOnline.debug.xcconfig */;
			buildSettings = {
				ASSETCATALOG_COMPILER_APPICON_NAME = AppIcon;
				CODE_SIGN_IDENTITY = "Apple Development";
				CODE_SIGN_STYLE = Automatic;
				DEVELOPMENT_TEAM = PV7AN5N733;
				INFOPLIST_FILE = chatOnline/Info.plist;
				LD_RUNPATH_SEARCH_PATHS = (
					"$(inherited)",
					"@executable_path/Frameworks",
				);
				PRODUCT_BUNDLE_IDENTIFIER = net.chat.chatOnline;
				PRODUCT_NAME = "$(TARGET_NAME)";
				PROVISIONING_PROFILE_SPECIFIER = "";
				SWIFT_VERSION = 5.0;
				TARGETED_DEVICE_FAMILY = 1;
			};
			name = Debug;
		};
		D6410E3A251106EE00139887 /* Release */ = {
			isa = XCBuildConfiguration;
			baseConfigurationReference = 0E75B1147014AD85B269479B /* Pods-chatOnline.release.xcconfig */;
			buildSettings = {
				ASSETCATALOG_COMPILER_APPICON_NAME = AppIcon;
				CODE_SIGN_IDENTITY = "Apple Development";
				CODE_SIGN_STYLE = Automatic;
				DEVELOPMENT_TEAM = PV7AN5N733;
				INFOPLIST_FILE = chatOnline/Info.plist;
				LD_RUNPATH_SEARCH_PATHS = (
					"$(inherited)",
					"@executable_path/Frameworks",
				);
				PRODUCT_BUNDLE_IDENTIFIER = net.chat.chatOnline;
				PRODUCT_NAME = "$(TARGET_NAME)";
				PROVISIONING_PROFILE_SPECIFIER = "";
				SWIFT_VERSION = 5.0;
				TARGETED_DEVICE_FAMILY = 1;
			};
			name = Release;
		};
/* End XCBuildConfiguration section */

/* Begin XCConfigurationList section */
		D6410E1F251106EB00139887 /* Build configuration list for PBXProject "chatOnline" */ = {
			isa = XCConfigurationList;
			buildConfigurations = (
				D6410E36251106EE00139887 /* Debug */,
				D6410E37251106EE00139887 /* Release */,
			);
			defaultConfigurationIsVisible = 0;
			defaultConfigurationName = Release;
		};
		D6410E38251106EE00139887 /* Build configuration list for PBXNativeTarget "chatOnline" */ = {
			isa = XCConfigurationList;
			buildConfigurations = (
				D6410E39251106EE00139887 /* Debug */,
				D6410E3A251106EE00139887 /* Release */,
			);
			defaultConfigurationIsVisible = 0;
			defaultConfigurationName = Release;
		};
/* End XCConfigurationList section */
	};
	rootObject = D6410E1C251106EB00139887 /* Project object */;
}
